// !$*UTF8*$!
{
	archiveVersion = 1;
	classes = {
	};
	objectVersion = 48;
	objects = {

/* Begin PBXBuildFile section */
		38AD75F8205D16AE0009556E /* AppDelegate.swift in Sources */ = {isa = PBXBuildFile; fileRef = 38AD75F7205D16AE0009556E /* AppDelegate.swift */; };
		38AD75FA205D16AE0009556E /* ViewController.swift in Sources */ = {isa = PBXBuildFile; fileRef = 38AD75F9205D16AE0009556E /* ViewController.swift */; };
		38AD75FD205D16AE0009556E /* Main.storyboard in Resources */ = {isa = PBXBuildFile; fileRef = 38AD75FB205D16AE0009556E /* Main.storyboard */; };
		38AD75FF205D16AE0009556E /* Assets.xcassets in Resources */ = {isa = PBXBuildFile; fileRef = 38AD75FE205D16AE0009556E /* Assets.xcassets */; };
		38AD7602205D16AE0009556E /* LaunchScreen.storyboard in Resources */ = {isa = PBXBuildFile; fileRef = 38AD7600205D16AE0009556E /* LaunchScreen.storyboard */; };
		38AD760D205D16AE0009556E /* Data_StructuresTests.swift in Sources */ = {isa = PBXBuildFile; fileRef = 38AD760C205D16AE0009556E /* Data_StructuresTests.swift */; };
		38AD7618205D16AF0009556E /* Data_StructuresUITests.swift in Sources */ = {isa = PBXBuildFile; fileRef = 38AD7617205D16AF0009556E /* Data_StructuresUITests.swift */; };
/* End PBXBuildFile section */

/* Begin PBXContainerItemProxy section */
		38AD7609205D16AE0009556E /* PBXContainerItemProxy */ = {
			isa = PBXContainerItemProxy;
			containerPortal = 38AD75EC205D16AE0009556E /* Project object */;
			proxyType = 1;
			remoteGlobalIDString = 38AD75F3205D16AE0009556E;
			remoteInfo = "Data-Structures";
		};
		38AD7614205D16AF0009556E /* PBXContainerItemProxy */ = {
			isa = PBXContainerItemProxy;
			containerPortal = 38AD75EC205D16AE0009556E /* Project object */;
			proxyType = 1;
			remoteGlobalIDString = 38AD75F3205D16AE0009556E;
			remoteInfo = "Data-Structures";
		};
/* End PBXContainerItemProxy section */

/* Begin PBXFileReference section */
		38AD75F4205D16AE0009556E /* Data-Structures.app */ = {isa = PBXFileReference; explicitFileType = wrapper.application; includeInIndex = 0; path = "Data-Structures.app"; sourceTree = BUILT_PRODUCTS_DIR; };
		38AD75F7205D16AE0009556E /* AppDelegate.swift */ = {isa = PBXFileReference; lastKnownFileType = sourcecode.swift; path = AppDelegate.swift; sourceTree = "<group>"; };
		38AD75F9205D16AE0009556E /* ViewController.swift */ = {isa = PBXFileReference; lastKnownFileType = sourcecode.swift; path = ViewController.swift; sourceTree = "<group>"; };
		38AD75FC205D16AE0009556E /* Base */ = {isa = PBXFileReference; lastKnownFileType = file.storyboard; name = Base; path = Base.lproj/Main.storyboard; sourceTree = "<group>"; };
		38AD75FE205D16AE0009556E /* Assets.xcassets */ = {isa = PBXFileReference; lastKnownFileType = folder.assetcatalog; path = Assets.xcassets; sourceTree = "<group>"; };
		38AD7601205D16AE0009556E /* Base */ = {isa = PBXFileReference; lastKnownFileType = file.storyboard; name = Base; path = Base.lproj/LaunchScreen.storyboard; sourceTree = "<group>"; };
		38AD7603205D16AE0009556E /* Info.plist */ = {isa = PBXFileReference; lastKnownFileType = text.plist.xml; path = Info.plist; sourceTree = "<group>"; };
		38AD7608205D16AE0009556E /* Data-StructuresTests.xctest */ = {isa = PBXFileReference; explicitFileType = wrapper.cfbundle; includeInIndex = 0; path = "Data-StructuresTests.xctest"; sourceTree = BUILT_PRODUCTS_DIR; };
		38AD760C205D16AE0009556E /* Data_StructuresTests.swift */ = {isa = PBXFileReference; lastKnownFileType = sourcecode.swift; path = Data_StructuresTests.swift; sourceTree = "<group>"; };
		38AD760E205D16AF0009556E /* Info.plist */ = {isa = PBXFileReference; lastKnownFileType = text.plist.xml; path = Info.plist; sourceTree = "<group>"; };
		38AD7613205D16AF0009556E /* Data-StructuresUITests.xctest */ = {isa = PBXFileReference; explicitFileType = wrapper.cfbundle; includeInIndex = 0; path = "Data-StructuresUITests.xctest"; sourceTree = BUILT_PRODUCTS_DIR; };
		38AD7617205D16AF0009556E /* Data_StructuresUITests.swift */ = {isa = PBXFileReference; lastKnownFileType = sourcecode.swift; path = Data_StructuresUITests.swift; sourceTree = "<group>"; };
		38AD7619205D16AF0009556E /* Info.plist */ = {isa = PBXFileReference; lastKnownFileType = text.plist.xml; path = Info.plist; sourceTree = "<group>"; };
/* End PBXFileReference section */

/* Begin PBXFrameworksBuildPhase section */
		38AD75F1205D16AE0009556E /* Frameworks */ = {
			isa = PBXFrameworksBuildPhase;
			buildActionMask = 2147483647;
			files = (
			);
			runOnlyForDeploymentPostprocessing = 0;
		};
		38AD7605205D16AE0009556E /* Frameworks */ = {
			isa = PBXFrameworksBuildPhase;
			buildActionMask = 2147483647;
			files = (
			);
			runOnlyForDeploymentPostprocessing = 0;
		};
		38AD7610205D16AF0009556E /* Frameworks */ = {
			isa = PBXFrameworksBuildPhase;
			buildActionMask = 2147483647;
			files = (
			);
			runOnlyForDeploymentPostprocessing = 0;
		};
/* End PBXFrameworksBuildPhase section */

/* Begin PBXGroup section */
		38AD75EB205D16AE0009556E = {
			isa = PBXGroup;
			children = (
				38AD75F6205D16AE0009556E /* Data-Structures */,
				38AD760B205D16AE0009556E /* Data-StructuresTests */,
				38AD7616205D16AF0009556E /* Data-StructuresUITests */,
				38AD75F5205D16AE0009556E /* Products */,
			);
			sourceTree = "<group>";
		};
		38AD75F5205D16AE0009556E /* Products */ = {
			isa = PBXGroup;
			children = (
				38AD75F4205D16AE0009556E /* Data-Structures.app */,
				38AD7608205D16AE0009556E /* Data-StructuresTests.xctest */,
				38AD7613205D16AF0009556E /* Data-StructuresUITests.xctest */,
			);
			name = Products;
			sourceTree = "<group>";
		};
		38AD75F6205D16AE0009556E /* Data-Structures */ = {
			isa = PBXGroup;
			children = (
				38AD75F7205D16AE0009556E /* AppDelegate.swift */,
				38AD75F9205D16AE0009556E /* ViewController.swift */,
				38AD75FB205D16AE0009556E /* Main.storyboard */,
				38AD75FE205D16AE0009556E /* Assets.xcassets */,
				38AD7600205D16AE0009556E /* LaunchScreen.storyboard */,
				38AD7603205D16AE0009556E /* Info.plist */,
			);
			path = "Data-Structures";
			sourceTree = "<group>";
		};
		38AD760B205D16AE0009556E /* Data-StructuresTests */ = {
			isa = PBXGroup;
			children = (
				38AD760C205D16AE0009556E /* Data_StructuresTests.swift */,
				38AD760E205D16AF0009556E /* Info.plist */,
			);
			path = "Data-StructuresTests";
			sourceTree = "<group>";
		};
		38AD7616205D16AF0009556E /* Data-StructuresUITests */ = {
			isa = PBXGroup;
			children = (
				38AD7617205D16AF0009556E /* Data_StructuresUITests.swift */,
				38AD7619205D16AF0009556E /* Info.plist */,
			);
			path = "Data-StructuresUITests";
			sourceTree = "<group>";
		};
/* End PBXGroup section */

/* Begin PBXNativeTarget section */
		38AD75F3205D16AE0009556E /* Data-Structures */ = {
			isa = PBXNativeTarget;
			buildConfigurationList = 38AD761C205D16AF0009556E /* Build configuration list for PBXNativeTarget "Data-Structures" */;
			buildPhases = (
				38AD75F0205D16AE0009556E /* Sources */,
				38AD75F1205D16AE0009556E /* Frameworks */,
				38AD75F2205D16AE0009556E /* Resources */,
			);
			buildRules = (
			);
			dependencies = (
			);
			name = "Data-Structures";
			productName = "Data-Structures";
			productReference = 38AD75F4205D16AE0009556E /* Data-Structures.app */;
			productType = "com.apple.product-type.application";
		};
		38AD7607205D16AE0009556E /* Data-StructuresTests */ = {
			isa = PBXNativeTarget;
			buildConfigurationList = 38AD761F205D16AF0009556E /* Build configuration list for PBXNativeTarget "Data-StructuresTests" */;
			buildPhases = (
				38AD7604205D16AE0009556E /* Sources */,
				38AD7605205D16AE0009556E /* Frameworks */,
				38AD7606205D16AE0009556E /* Resources */,
			);
			buildRules = (
			);
			dependencies = (
				38AD760A205D16AE0009556E /* PBXTargetDependency */,
			);
			name = "Data-StructuresTests";
			productName = "Data-StructuresTests";
			productReference = 38AD7608205D16AE0009556E /* Data-StructuresTests.xctest */;
			productType = "com.apple.product-type.bundle.unit-test";
		};
		38AD7612205D16AF0009556E /* Data-StructuresUITests */ = {
			isa = PBXNativeTarget;
			buildConfigurationList = 38AD7622205D16AF0009556E /* Build configuration list for PBXNativeTarget "Data-StructuresUITests" */;
			buildPhases = (
				38AD760F205D16AF0009556E /* Sources */,
				38AD7610205D16AF0009556E /* Frameworks */,
				38AD7611205D16AF0009556E /* Resources */,
			);
			buildRules = (
			);
			dependencies = (
				38AD7615205D16AF0009556E /* PBXTargetDependency */,
			);
			name = "Data-StructuresUITests";
			productName = "Data-StructuresUITests";
			productReference = 38AD7613205D16AF0009556E /* Data-StructuresUITests.xctest */;
			productType = "com.apple.product-type.bundle.ui-testing";
		};
/* End PBXNativeTarget section */

/* Begin PBXProject section */
		38AD75EC205D16AE0009556E /* Project object */ = {
			isa = PBXProject;
			attributes = {
				LastSwiftUpdateCheck = 0920;
				LastUpgradeCheck = 0920;
				ORGANIZATIONNAME = "Akanksha Sharma";
				TargetAttributes = {
					38AD75F3205D16AE0009556E = {
						CreatedOnToolsVersion = 9.2;
						ProvisioningStyle = Automatic;
					};
					38AD7607205D16AE0009556E = {
						CreatedOnToolsVersion = 9.2;
						ProvisioningStyle = Automatic;
						TestTargetID = 38AD75F3205D16AE0009556E;
					};
					38AD7612205D16AF0009556E = {
						CreatedOnToolsVersion = 9.2;
						ProvisioningStyle = Automatic;
						TestTargetID = 38AD75F3205D16AE0009556E;
					};
				};
			};
			buildConfigurationList = 38AD75EF205D16AE0009556E /* Build configuration list for PBXProject "Data-Structures" */;
			compatibilityVersion = "Xcode 8.0";
			developmentRegion = en;
			hasScannedForEncodings = 0;
			knownRegions = (
				en,
				Base,
			);
			mainGroup = 38AD75EB205D16AE0009556E;
			productRefGroup = 38AD75F5205D16AE0009556E /* Products */;
			projectDirPath = "";
			projectRoot = "";
			targets = (
				38AD75F3205D16AE0009556E /* Data-Structures */,
				38AD7607205D16AE0009556E /* Data-StructuresTests */,
				38AD7612205D16AF0009556E /* Data-StructuresUITests */,
			);
		};
/* End PBXProject section */

/* Begin PBXResourcesBuildPhase section */
		38AD75F2205D16AE0009556E /* Resources */ = {
			isa = PBXResourcesBuildPhase;
			buildActionMask = 2147483647;
			files = (
				38AD7602205D16AE0009556E /* LaunchScreen.storyboard in Resources */,
				38AD75FF205D16AE0009556E /* Assets.xcassets in Resources */,
				38AD75FD205D16AE0009556E /* Main.storyboard in Resources */,
			);
			runOnlyForDeploymentPostprocessing = 0;
		};
		38AD7606205D16AE0009556E /* Resources */ = {
			isa = PBXResourcesBuildPhase;
			buildActionMask = 2147483647;
			files = (
			);
			runOnlyForDeploymentPostprocessing = 0;
		};
		38AD7611205D16AF0009556E /* Resources */ = {
			isa = PBXResourcesBuildPhase;
			buildActionMask = 2147483647;
			files = (
			);
			runOnlyForDeploymentPostprocessing = 0;
		};
/* End PBXResourcesBuildPhase section */

/* Begin PBXSourcesBuildPhase section */
		38AD75F0205D16AE0009556E /* Sources */ = {
			isa = PBXSourcesBuildPhase;
			buildActionMask = 2147483647;
			files = (
				38AD75FA205D16AE0009556E /* ViewController.swift in Sources */,
				38AD75F8205D16AE0009556E /* AppDelegate.swift in Sources */,
			);
			runOnlyForDeploymentPostprocessing = 0;
		};
		38AD7604205D16AE0009556E /* Sources */ = {
			isa = PBXSourcesBuildPhase;
			buildActionMask = 2147483647;
			files = (
				38AD760D205D16AE0009556E /* Data_StructuresTests.swift in Sources */,
			);
			runOnlyForDeploymentPostprocessing = 0;
		};
		38AD760F205D16AF0009556E /* Sources */ = {
			isa = PBXSourcesBuildPhase;
			buildActionMask = 2147483647;
			files = (
				38AD7618205D16AF0009556E /* Data_StructuresUITests.swift in Sources */,
			);
			runOnlyForDeploymentPostprocessing = 0;
		};
/* End PBXSourcesBuildPhase section */

/* Begin PBXTargetDependency section */
		38AD760A205D16AE0009556E /* PBXTargetDependency */ = {
			isa = PBXTargetDependency;
			target = 38AD75F3205D16AE0009556E /* Data-Structures */;
			targetProxy = 38AD7609205D16AE0009556E /* PBXContainerItemProxy */;
		};
		38AD7615205D16AF0009556E /* PBXTargetDependency */ = {
			isa = PBXTargetDependency;
			target = 38AD75F3205D16AE0009556E /* Data-Structures */;
			targetProxy = 38AD7614205D16AF0009556E /* PBXContainerItemProxy */;
		};
/* End PBXTargetDependency section */

/* Begin PBXVariantGroup section */
		38AD75FB205D16AE0009556E /* Main.storyboard */ = {
			isa = PBXVariantGroup;
			children = (
				38AD75FC205D16AE0009556E /* Base */,
			);
			name = Main.storyboard;
			sourceTree = "<group>";
		};
		38AD7600205D16AE0009556E /* LaunchScreen.storyboard */ = {
			isa = PBXVariantGroup;
			children = (
				38AD7601205D16AE0009556E /* Base */,
			);
			name = LaunchScreen.storyboard;
			sourceTree = "<group>";
		};
/* End PBXVariantGroup section */

/* Begin XCBuildConfiguration section */
		38AD761A205D16AF0009556E /* Debug */ = {
			isa = XCBuildConfiguration;
			buildSettings = {
				ALWAYS_SEARCH_USER_PATHS = NO;
				CLANG_ANALYZER_NONNULL = YES;
				CLANG_ANALYZER_NUMBER_OBJECT_CONVERSION = YES_AGGRESSIVE;
				CLANG_CXX_LANGUAGE_STANDARD = "gnu++14";
				CLANG_CXX_LIBRARY = "libc++";
				CLANG_ENABLE_MODULES = YES;
				CLANG_ENABLE_OBJC_ARC = YES;
				CLANG_WARN_BLOCK_CAPTURE_AUTORELEASING = YES;
				CLANG_WARN_BOOL_CONVERSION = YES;
				CLANG_WARN_COMMA = YES;
				CLANG_WARN_CONSTANT_CONVERSION = YES;
				CLANG_WARN_DIRECT_OBJC_ISA_USAGE = YES_ERROR;
				CLANG_WARN_DOCUMENTATION_COMMENTS = YES;
				CLANG_WARN_EMPTY_BODY = YES;
				CLANG_WARN_ENUM_CONVERSION = YES;
				CLANG_WARN_INFINITE_RECURSION = YES;
				CLANG_WARN_INT_CONVERSION = YES;
				CLANG_WARN_NON_LITERAL_NULL_CONVERSION = YES;
				CLANG_WARN_OBJC_LITERAL_CONVERSION = YES;
				CLANG_WARN_OBJC_ROOT_CLASS = YES_ERROR;
				CLANG_WARN_RANGE_LOOP_ANALYSIS = YES;
				CLANG_WARN_STRICT_PROTOTYPES = YES;
				CLANG_WARN_SUSPICIOUS_MOVE = YES;
				CLANG_WARN_UNGUARDED_AVAILABILITY = YES_AGGRESSIVE;
				CLANG_WARN_UNREACHABLE_CODE = YES;
				CLANG_WARN__DUPLICATE_METHOD_MATCH = YES;
				CODE_SIGN_IDENTITY = "iPhone Developer";
				COPY_PHASE_STRIP = NO;
				DEBUG_INFORMATION_FORMAT = dwarf;
				ENABLE_STRICT_OBJC_MSGSEND = YES;
				ENABLE_TESTABILITY = YES;
				GCC_C_LANGUAGE_STANDARD = gnu11;
				GCC_DYNAMIC_NO_PIC = NO;
				GCC_NO_COMMON_BLOCKS = YES;
				GCC_OPTIMIZATION_LEVEL = 0;
				GCC_PREPROCESSOR_DEFINITIONS = (
					"DEBUG=1",
					"$(inherited)",
				);
				GCC_WARN_64_TO_32_BIT_CONVERSION = YES;
				GCC_WARN_ABOUT_RETURN_TYPE = YES_ERROR;
				GCC_WARN_UNDECLARED_SELECTOR = YES;
				GCC_WARN_UNINITIALIZED_AUTOS = YES_AGGRESSIVE;
				GCC_WARN_UNUSED_FUNCTION = YES;
				GCC_WARN_UNUSED_VARIABLE = YES;
				IPHONEOS_DEPLOYMENT_TARGET = 11.2;
				MTL_ENABLE_DEBUG_INFO = YES;
				ONLY_ACTIVE_ARCH = YES;
				SDKROOT = iphoneos;
				SWIFT_ACTIVE_COMPILATION_CONDITIONS = DEBUG;
				SWIFT_OPTIMIZATION_LEVEL = "-Onone";
			};
			name = Debug;
		};
		38AD761B205D16AF0009556E /* Release */ = {
			isa = XCBuildConfiguration;
			buildSettings = {
				ALWAYS_SEARCH_USER_PATHS = NO;
				CLANG_ANALYZER_NONNULL = YES;
				CLANG_ANALYZER_NUMBER_OBJECT_CONVERSION = YES_AGGRESSIVE;
				CLANG_CXX_LANGUAGE_STANDARD = "gnu++14";
				CLANG_CXX_LIBRARY = "libc++";
				CLANG_ENABLE_MODULES = YES;
				CLANG_ENABLE_OBJC_ARC = YES;
				CLANG_WARN_BLOCK_CAPTURE_AUTORELEASING = YES;
				CLANG_WARN_BOOL_CONVERSION = YES;
				CLANG_WARN_COMMA = YES;
				CLANG_WARN_CONSTANT_CONVERSION = YES;
				CLANG_WARN_DIRECT_OBJC_ISA_USAGE = YES_ERROR;
				CLANG_WARN_DOCUMENTATION_COMMENTS = YES;
				CLANG_WARN_EMPTY_BODY = YES;
				CLANG_WARN_ENUM_CONVERSION = YES;
				CLANG_WARN_INFINITE_RECURSION = YES;
				CLANG_WARN_INT_CONVERSION = YES;
				CLANG_WARN_NON_LITERAL_NULL_CONVERSION = YES;
				CLANG_WARN_OBJC_LITERAL_CONVERSION = YES;
				CLANG_WARN_OBJC_ROOT_CLASS = YES_ERROR;
				CLANG_WARN_RANGE_LOOP_ANALYSIS = YES;
				CLANG_WARN_STRICT_PROTOTYPES = YES;
				CLANG_WARN_SUSPICIOUS_MOVE = YES;
				CLANG_WARN_UNGUARDED_AVAILABILITY = YES_AGGRESSIVE;
				CLANG_WARN_UNREACHABLE_CODE = YES;
				CLANG_WARN__DUPLICATE_METHOD_MATCH = YES;
				CODE_SIGN_IDENTITY = "iPhone Developer";
				COPY_PHASE_STRIP = NO;
				DEBUG_INFORMATION_FORMAT = "dwarf-with-dsym";
				ENABLE_NS_ASSERTIONS = NO;
				ENABLE_STRICT_OBJC_MSGSEND = YES;
				GCC_C_LANGUAGE_STANDARD = gnu11;
				GCC_NO_COMMON_BLOCKS = YES;
				GCC_WARN_64_TO_32_BIT_CONVERSION = YES;
				GCC_WARN_ABOUT_RETURN_TYPE = YES_ERROR;
				GCC_WARN_UNDECLARED_SELECTOR = YES;
				GCC_WARN_UNINITIALIZED_AUTOS = YES_AGGRESSIVE;
				GCC_WARN_UNUSED_FUNCTION = YES;
				GCC_WARN_UNUSED_VARIABLE = YES;
				IPHONEOS_DEPLOYMENT_TARGET = 11.2;
				MTL_ENABLE_DEBUG_INFO = NO;
				SDKROOT = iphoneos;
				SWIFT_OPTIMIZATION_LEVEL = "-Owholemodule";
				VALIDATE_PRODUCT = YES;
			};
			name = Release;
		};
		38AD761D205D16AF0009556E /* Debug */ = {
			isa = XCBuildConfiguration;
			buildSettings = {
				ASSETCATALOG_COMPILER_APPICON_NAME = AppIcon;
				CODE_SIGN_STYLE = Automatic;
				DEVELOPMENT_TEAM = 9SHK646B3D;
				INFOPLIST_FILE = "Data-Structures/Info.plist";
				LD_RUNPATH_SEARCH_PATHS = "$(inherited) @executable_path/Frameworks";
				PRODUCT_BUNDLE_IDENTIFIER = "akanksharma.Data-Structures";
				PRODUCT_NAME = "$(TARGET_NAME)";
				SWIFT_VERSION = 4.0;
				TARGETED_DEVICE_FAMILY = "1,2";
			};
			name = Debug;
		};
		38AD761E205D16AF0009556E /* Release */ = {
			isa = XCBuildConfiguration;
			buildSettings = {
				ASSETCATALOG_COMPILER_APPICON_NAME = AppIcon;
				CODE_SIGN_STYLE = Automatic;
				DEVELOPMENT_TEAM = 9SHK646B3D;
				INFOPLIST_FILE = "Data-Structures/Info.plist";
				LD_RUNPATH_SEARCH_PATHS = "$(inherited) @executable_path/Frameworks";
				PRODUCT_BUNDLE_IDENTIFIER = "akanksharma.Data-Structures";
				PRODUCT_NAME = "$(TARGET_NAME)";
				SWIFT_VERSION = 4.0;
				TARGETED_DEVICE_FAMILY = "1,2";
			};
			name = Release;
		};
		38AD7620205D16AF0009556E /* Debug */ = {
			isa = XCBuildConfiguration;
			buildSettings = {
				ALWAYS_EMBED_SWIFT_STANDARD_LIBRARIES = YES;
				BUNDLE_LOADER = "$(TEST_HOST)";
				CODE_SIGN_STYLE = Automatic;
				DEVELOPMENT_TEAM = 9SHK646B3D;
				INFOPLIST_FILE = "Data-StructuresTests/Info.plist";
				LD_RUNPATH_SEARCH_PATHS = "$(inherited) @executable_path/Frameworks @loader_path/Frameworks";
				PRODUCT_BUNDLE_IDENTIFIER = "akanksharma.Data-StructuresTests";
				PRODUCT_NAME = "$(TARGET_NAME)";
				SWIFT_VERSION = 4.0;
				TARGETED_DEVICE_FAMILY = "1,2";
				TEST_HOST = "$(BUILT_PRODUCTS_DIR)/Data-Structures.app/Data-Structures";
			};
			name = Debug;
		};
		38AD7621205D16AF0009556E /* Release */ = {
			isa = XCBuildConfiguration;
			buildSettings = {
				ALWAYS_EMBED_SWIFT_STANDARD_LIBRARIES = YES;
				BUNDLE_LOADER = "$(TEST_HOST)";
				CODE_SIGN_STYLE = Automatic;
				DEVELOPMENT_TEAM = 9SHK646B3D;
				INFOPLIST_FILE = "Data-StructuresTests/Info.plist";
				LD_RUNPATH_SEARCH_PATHS = "$(inherited) @executable_path/Frameworks @loader_path/Frameworks";
				PRODUCT_BUNDLE_IDENTIFIER = "akanksharma.Data-StructuresTests";
				PRODUCT_NAME = "$(TARGET_NAME)";
				SWIFT_VERSION = 4.0;
				TARGETED_DEVICE_FAMILY = "1,2";
				TEST_HOST = "$(BUILT_PRODUCTS_DIR)/Data-Structures.app/Data-Structures";
			};
			name = Release;
		};
		38AD7623205D16AF0009556E /* Debug */ = {
			isa = XCBuildConfiguration;
			buildSettings = {
				ALWAYS_EMBED_SWIFT_STANDARD_LIBRARIES = YES;
				CODE_SIGN_STYLE = Automatic;
				DEVELOPMENT_TEAM = 9SHK646B3D;
				INFOPLIST_FILE = "Data-StructuresUITests/Info.plist";
				LD_RUNPATH_SEARCH_PATHS = "$(inherited) @executable_path/Frameworks @loader_path/Frameworks";
				PRODUCT_BUNDLE_IDENTIFIER = "akanksharma.Data-StructuresUITests";
				PRODUCT_NAME = "$(TARGET_NAME)";
				SWIFT_VERSION = 4.0;
				TARGETED_DEVICE_FAMILY = "1,2";
				TEST_TARGET_NAME = "Data-Structures";
			};
			name = Debug;
		};
		38AD7624205D16AF0009556E /* Release */ = {
			isa = XCBuildConfiguration;
			buildSettings = {
				ALWAYS_EMBED_SWIFT_STANDARD_LIBRARIES = YES;
				CODE_SIGN_STYLE = Automatic;
				DEVELOPMENT_TEAM = 9SHK646B3D;
				INFOPLIST_FILE = "Data-StructuresUITests/Info.plist";
				LD_RUNPATH_SEARCH_PATHS = "$(inherited) @executable_path/Frameworks @loader_path/Frameworks";
				PRODUCT_BUNDLE_IDENTIFIER = "akanksharma.Data-StructuresUITests";
				PRODUCT_NAME = "$(TARGET_NAME)";
				SWIFT_VERSION = 4.0;
				TARGETED_DEVICE_FAMILY = "1,2";
				TEST_TARGET_NAME = "Data-Structures";
			};
			name = Release;
		};
/* End XCBuildConfiguration section */

/* Begin XCConfigurationList section */
		38AD75EF205D16AE0009556E /* Build configuration list for PBXProject "Data-Structures" */ = {
			isa = XCConfigurationList;
			buildConfigurations = (
				38AD761A205D16AF0009556E /* Debug */,
				38AD761B205D16AF0009556E /* Release */,
			);
			defaultConfigurationIsVisible = 0;
			defaultConfigurationName = Release;
		};
		38AD761C205D16AF0009556E /* Build configuration list for PBXNativeTarget "Data-Structures" */ = {
			isa = XCConfigurationList;
			buildConfigurations = (
				38AD761D205D16AF0009556E /* Debug */,
				38AD761E205D16AF0009556E /* Release */,
			);
			defaultConfigurationIsVisible = 0;
			defaultConfigurationName = Release;
		};
		38AD761F205D16AF0009556E /* Build configuration list for PBXNativeTarget "Data-StructuresTests" */ = {
			isa = XCConfigurationList;
			buildConfigurations = (
				38AD7620205D16AF0009556E /* Debug */,
				38AD7621205D16AF0009556E /* Release */,
			);
			defaultConfigurationIsVisible = 0;
			defaultConfigurationName = Release;
		};
		38AD7622205D16AF0009556E /* Build configuration list for PBXNativeTarget "Data-StructuresUITests" */ = {
			isa = XCConfigurationList;
			buildConfigurations = (
				38AD7623205D16AF0009556E /* Debug */,
				38AD7624205D16AF0009556E /* Release */,
			);
			defaultConfigurationIsVisible = 0;
			defaultConfigurationName = Release;
		};
/* End XCConfigurationList section */
	};
	rootObject = 38AD75EC205D16AE0009556E /* Project object */;
}
